
Microsoft Visual Studio Solution File, Format Version 12.00
# Visual Studio Version 16
VisualStudioVersion = 16.0.30907.101
MinimumVisualStudioVersion = 10.0.40219.1
Project("{FAE04EC0-301F-11D3-BF4B-00C04F79EFBC}") = "random_number_test", "random_number_test\random_number_test.csproj", "{7F9C3530-B900-4A96-8537-D70A841C1698}"
EndProject
Project("{FAE04EC0-301F-11D3-BF4B-00C04F79EFBC}") = "seed_generator", "seed_generator\seed_generator.csproj", "{1304DC0E-1B44-44D2-ADF9-233F0401C490}"
EndProject
Global
	GlobalSection(SolutionConfigurationPlatforms) = preSolution
		Debug|Any CPU = Debug|Any CPU
		Release|Any CPU = Release|Any CPU
	EndGlobalSection
	GlobalSection(ProjectConfigurationPlatforms) = postSolution
		{7F9C3530-B900-4A96-8537-D70A841C1698}.Debug|Any CPU.ActiveCfg = Debug|Any CPU
		{7F9C3530-B900-4A96-8537-D70A841C1698}.Debug|Any CPU.Build.0 = Debug|Any CPU
		{7F9C3530-B900-4A96-8537-D70A841C1698}.Release|Any CPU.ActiveCfg = Release|Any CPU
		{7F9C3530-B900-4A96-8537-D70A841C1698}.Release|Any CPU.Build.0 = Release|Any CPU
		{1304DC0E-1B44-44D2-ADF9-233F0401C490}.Debug|Any CPU.ActiveCfg = Debug|Any CPU
		{1304DC0E-1B44-44D2-ADF9-233F0401C490}.Debug|Any CPU.Build.0 = Debug|Any CPU
		{1304DC0E-1B44-44D2-ADF9-233F0401C490}.Release|Any CPU.ActiveCfg = Release|Any CPU
		{1304DC0E-1B44-44D2-ADF9-233F0401C490}.Release|Any CPU.Build.0 = Release|Any CPU
	EndGlobalSection
	GlobalSection(SolutionProperties) = preSolution
		HideSolutionNode = FALSE
	EndGlobalSection
	GlobalSection(ExtensibilityGlobals) = postSolution
		SolutionGuid = {B6F2120C-C202-4E09-83FC-8E7AFE5A2081}
	EndGlobalSection
EndGlobal
